
Microsoft Visual Studio Solution File, Format Version 12.00
# Visual Studio 15
VisualStudioVersion = 15.0.26730.10
MinimumVisualStudioVersion = 10.0.40219.1
Project("{8BC9CEB8-8B4A-11D0-8D11-00A0C91BC942}") = "FunctionalKata", "FunctionalKata\FunctionalKata.vcxproj", "{F89653E3-472A-40A9-B7DA-23BBE7C97D43}"
EndProject
Global
	GlobalSection(SolutionConfigurationPlatforms) = preSolution
		Debug|x64 = Debug|x64
		Debug|x86 = Debug|x86
		Release|x64 = Release|x64
		Release|x86 = Release|x86
	EndGlobalSection
	GlobalSection(ProjectConfigurationPlatforms) = postSolution
		{F89653E3-472A-40A9-B7DA-23BBE7C97D43}.Debug|x64.ActiveCfg = Debug|x64
		{F89653E3-472A-40A9-B7DA-23BBE7C97D43}.Debug|x64.Build.0 = Debug|x64
		{F89653E3-472A-40A9-B7DA-23BBE7C97D43}.Debug|x86.ActiveCfg = Debug|Win32
		{F89653E3-472A-40A9-B7DA-23BBE7C97D43}.Debug|x86.Build.0 = Debug|Win32
		{F89653E3-472A-40A9-B7DA-23BBE7C97D43}.Release|x64.ActiveCfg = Release|x64
		{F89653E3-472A-40A9-B7DA-23BBE7C97D43}.Release|x64.Build.0 = Release|x64
		{F89653E3-472A-40A9-B7DA-23BBE7C97D43}.Release|x86.ActiveCfg = Release|Win32
		{F89653E3-472A-40A9-B7DA-23BBE7C97D43}.Release|x86.Build.0 = Release|Win32
	EndGlobalSection
	GlobalSection(SolutionProperties) = preSolution
		HideSolutionNode = FALSE
	EndGlobalSection
	GlobalSection(ExtensibilityGlobals) = postSolution
		SolutionGuid = {B12170EE-8A18-4913-887E-DD9491944B03}
	EndGlobalSection
EndGlobal
